
Microsoft Visual Studio Solution File, Format Version 12.00
# Visual Studio 2012
Project("{FAE04EC0-301F-11D3-BF4B-00C04F79EFBC}") = "TestGit1", "TestGit1\TestGit1.csproj", "{2B97283D-BA1F-4DFA-8A29-B6F53B58F954}"
EndProject
Global
	GlobalSection(SolutionConfigurationPlatforms) = preSolution
		Debug|Any CPU = Debug|Any CPU
		Release|Any CPU = Release|Any CPU
	EndGlobalSection
	GlobalSection(ProjectConfigurationPlatforms) = postSolution
		{2B97283D-BA1F-4DFA-8A29-B6F53B58F954}.Debug|Any CPU.ActiveCfg = Debug|Any CPU
		{2B97283D-BA1F-4DFA-8A29-B6F53B58F954}.Debug|Any CPU.Build.0 = Debug|Any CPU
		{2B97283D-BA1F-4DFA-8A29-B6F53B58F954}.Release|Any CPU.ActiveCfg = Release|Any CPU
		{2B97283D-BA1F-4DFA-8A29-B6F53B58F954}.Release|Any CPU.Build.0 = Release|Any CPU
	EndGlobalSection
	GlobalSection(MonoDevelopProperties) = preSolution
		StartupItem = TestGit1\TestGit1.csproj
	EndGlobalSection
EndGlobal
